
Microsoft Visual Studio Solution File, Format Version 12.00
# Visual Studio Version 16
VisualStudioVersion = 16.0.28705.295
MinimumVisualStudioVersion = 10.0.40219.1
Project("{FAE04EC0-301F-11D3-BF4B-00C04F79EFBC}") = "Xunit.IntegrationTest", "Xunit.IntegrationTest\Xunit.IntegrationTest.csproj", "{4148BB08-BDDB-412E-BE3B-1EB4464361A7}"
EndProject
Project("{FAE04EC0-301F-11D3-BF4B-00C04F79EFBC}") = "Xunit.IntegrationTest.Tests", "Xunit.IntegrationTest.Tests\Xunit.IntegrationTest.Tests.csproj", "{29CF1A2A-A675-4F08-8814-1054D4690972}"
EndProject
Global
	GlobalSection(SolutionConfigurationPlatforms) = preSolution
		Debug|Any CPU = Debug|Any CPU
		Release|Any CPU = Release|Any CPU
	EndGlobalSection
	GlobalSection(ProjectConfigurationPlatforms) = postSolution
		{4148BB08-BDDB-412E-BE3B-1EB4464361A7}.Debug|Any CPU.ActiveCfg = Debug|Any CPU
		{4148BB08-BDDB-412E-BE3B-1EB4464361A7}.Debug|Any CPU.Build.0 = Debug|Any CPU
		{4148BB08-BDDB-412E-BE3B-1EB4464361A7}.Release|Any CPU.ActiveCfg = Release|Any CPU
		{4148BB08-BDDB-412E-BE3B-1EB4464361A7}.Release|Any CPU.Build.0 = Release|Any CPU
		{29CF1A2A-A675-4F08-8814-1054D4690972}.Debug|Any CPU.ActiveCfg = Debug|Any CPU
		{29CF1A2A-A675-4F08-8814-1054D4690972}.Debug|Any CPU.Build.0 = Debug|Any CPU
		{29CF1A2A-A675-4F08-8814-1054D4690972}.Release|Any CPU.ActiveCfg = Release|Any CPU
		{29CF1A2A-A675-4F08-8814-1054D4690972}.Release|Any CPU.Build.0 = Release|Any CPU
	EndGlobalSection
	GlobalSection(SolutionProperties) = preSolution
		HideSolutionNode = FALSE
	EndGlobalSection
	GlobalSection(ExtensibilityGlobals) = postSolution
		SolutionGuid = {DA2B9812-D672-45E0-8C73-EF3EE64BC08A}
	EndGlobalSection
EndGlobal
